
Microsoft Visual Studio Solution File, Format Version 12.00
# Visual Studio 15
VisualStudioVersion = 15.0.26009.0
MinimumVisualStudioVersion = 10.0.40219.1
Project("{FAE04EC0-301F-11D3-BF4B-00C04F79EFBC}") = "ReportApplication", "ReportApplication\ReportApplication.csproj", "{97B106E6-164F-40C2-81B8-E2C7B23B9ADF}"
EndProject
Global
	GlobalSection(SolutionConfigurationPlatforms) = preSolution
		Debug|Any CPU = Debug|Any CPU
		Release|Any CPU = Release|Any CPU
	EndGlobalSection
	GlobalSection(ProjectConfigurationPlatforms) = postSolution
		{97B106E6-164F-40C2-81B8-E2C7B23B9ADF}.Debug|Any CPU.ActiveCfg = Debug|Any CPU
		{97B106E6-164F-40C2-81B8-E2C7B23B9ADF}.Debug|Any CPU.Build.0 = Debug|Any CPU
		{97B106E6-164F-40C2-81B8-E2C7B23B9ADF}.Release|Any CPU.ActiveCfg = Release|Any CPU
		{97B106E6-164F-40C2-81B8-E2C7B23B9ADF}.Release|Any CPU.Build.0 = Release|Any CPU
	EndGlobalSection
	GlobalSection(SolutionProperties) = preSolution
		HideSolutionNode = FALSE
	EndGlobalSection
EndGlobal
